
Microsoft Visual Studio Solution File, Format Version 12.00
# Visual Studio Version 17
VisualStudioVersion = 17.8.34511.84
MinimumVisualStudioVersion = 10.0.40219.1
Project("{FAE04EC0-301F-11D3-BF4B-00C04F79EFBC}") = "Formula", "Formula\Formula.csproj", "{C6185F84-F888-49A3-9B8E-64AA301B475C}"
EndProject
Global
	GlobalSection(SolutionConfigurationPlatforms) = preSolution
		Debug|Any CPU = Debug|Any CPU
		Release|Any CPU = Release|Any CPU
	EndGlobalSection
	GlobalSection(ProjectConfigurationPlatforms) = postSolution
		{C6185F84-F888-49A3-9B8E-64AA301B475C}.Debug|Any CPU.ActiveCfg = Debug|Any CPU
		{C6185F84-F888-49A3-9B8E-64AA301B475C}.Debug|Any CPU.Build.0 = Debug|Any CPU
		{C6185F84-F888-49A3-9B8E-64AA301B475C}.Release|Any CPU.ActiveCfg = Release|Any CPU
		{C6185F84-F888-49A3-9B8E-64AA301B475C}.Release|Any CPU.Build.0 = Release|Any CPU
	EndGlobalSection
	GlobalSection(SolutionProperties) = preSolution
		HideSolutionNode = FALSE
	EndGlobalSection
	GlobalSection(ExtensibilityGlobals) = postSolution
		SolutionGuid = {73629C44-F3E4-4F6D-87F1-4DF2B551874D}
	EndGlobalSection
EndGlobal
